
Microsoft Visual Studio Solution File, Format Version 12.00
# Visual Studio Version 17
VisualStudioVersion = 17.13.35825.156 d17.13
MinimumVisualStudioVersion = 10.0.40219.1
Project("{FAE04EC0-301F-11D3-BF4B-00C04F79EFBC}") = "ToDoApp", "ToDoApp\ToDoApp.csproj", "{4AFB3727-A51F-4887-A1C8-93CBD3E49B15}"
EndProject
Global
	GlobalSection(SolutionConfigurationPlatforms) = preSolution
		Debug|Any CPU = Debug|Any CPU
		Release|Any CPU = Release|Any CPU
	EndGlobalSection
	GlobalSection(ProjectConfigurationPlatforms) = postSolution
		{4AFB3727-A51F-4887-A1C8-93CBD3E49B15}.Debug|Any CPU.ActiveCfg = Debug|Any CPU
		{4AFB3727-A51F-4887-A1C8-93CBD3E49B15}.Debug|Any CPU.Build.0 = Debug|Any CPU
		{4AFB3727-A51F-4887-A1C8-93CBD3E49B15}.Release|Any CPU.ActiveCfg = Release|Any CPU
		{4AFB3727-A51F-4887-A1C8-93CBD3E49B15}.Release|Any CPU.Build.0 = Release|Any CPU
	EndGlobalSection
	GlobalSection(SolutionProperties) = preSolution
		HideSolutionNode = FALSE
	EndGlobalSection
	GlobalSection(ExtensibilityGlobals) = postSolution
		SolutionGuid = {E39C9A4B-2ADF-4653-B353-5D5263206406}
	EndGlobalSection
EndGlobal
